
Microsoft Visual Studio Solution File, Format Version 12.00
# Visual Studio Version 16
VisualStudioVersion = 16.0.31025.218
MinimumVisualStudioVersion = 10.0.40219.1
Project("{FAE04EC0-301F-11D3-BF4B-00C04F79EFBC}") = "ProofOfConceptsNOTS-P", "ProofOfConceptsNOTS-P\ProofOfConceptsNOTS-P.csproj", "{28ADCE0A-C313-41B0-8C66-DB9F63F6B95E}"
EndProject
Global
	GlobalSection(SolutionConfigurationPlatforms) = preSolution
		Debug|Any CPU = Debug|Any CPU
		Release|Any CPU = Release|Any CPU
	EndGlobalSection
	GlobalSection(ProjectConfigurationPlatforms) = postSolution
		{28ADCE0A-C313-41B0-8C66-DB9F63F6B95E}.Debug|Any CPU.ActiveCfg = Debug|Any CPU
		{28ADCE0A-C313-41B0-8C66-DB9F63F6B95E}.Debug|Any CPU.Build.0 = Debug|Any CPU
		{28ADCE0A-C313-41B0-8C66-DB9F63F6B95E}.Release|Any CPU.ActiveCfg = Release|Any CPU
		{28ADCE0A-C313-41B0-8C66-DB9F63F6B95E}.Release|Any CPU.Build.0 = Release|Any CPU
	EndGlobalSection
	GlobalSection(SolutionProperties) = preSolution
		HideSolutionNode = FALSE
	EndGlobalSection
	GlobalSection(ExtensibilityGlobals) = postSolution
		SolutionGuid = {DF8F2B64-F94C-4086-AEEE-33229CEACABE}
	EndGlobalSection
EndGlobal
